<Solution>
  <Configurations>
    <Platform Name="Any CPU" />
    <Platform Name="x64" />
    <Platform Name="x86" />
  </Configurations>
  <Folder Name="/src/">
    <Project Path="src/HelloWorldAgents.API/HelloWorldAgents.API.csproj" />
    <Project Path="src/HelloWorldAgents.AppHost/HelloWorldAgents.AppHost.csproj" />
    <Project Path="src/HelloWorldAgents.Console/HelloWorldAgents.Console.csproj" />
    <Project Path="src/HelloWorldAgents.ServiceDefaults/HelloWorldAgents.ServiceDefaults.csproj" />
  </Folder>
</Solution>
